// !$*UTF8*$!
{
	archiveVersion = 1;
	classes = {
	};
	objectVersion = 46;
	objects = {

/* Begin PBXBuildFile section */
		18867E271E1E522900F64818 /* main.m in Sources */ = {isa = PBXBuildFile; fileRef = 18867E261E1E522900F64818 /* main.m */; };
		18867E2A1E1E522900F64818 /* AppDelegate.m in Sources */ = {isa = PBXBuildFile; fileRef = 18867E291E1E522900F64818 /* AppDelegate.m */; };
		18867E2D1E1E522900F64818 /* ViewController.m in Sources */ = {isa = PBXBuildFile; fileRef = 18867E2C1E1E522900F64818 /* ViewController.m */; };
		18867E301E1E522900F64818 /* Main.storyboard in Resources */ = {isa = PBXBuildFile; fileRef = 18867E2E1E1E522900F64818 /* Main.storyboard */; };
		18867E331E1E522900F64818 /* GithubTestProject.xcdatamodeld in Sources */ = {isa = PBXBuildFile; fileRef = 18867E311E1E522900F64818 /* GithubTestProject.xcdatamodeld */; };
		18867E351E1E522900F64818 /* Assets.xcassets in Resources */ = {isa = PBXBuildFile; fileRef = 18867E341E1E522900F64818 /* Assets.xcassets */; };
		18867E381E1E522900F64818 /* LaunchScreen.storyboard in Resources */ = {isa = PBXBuildFile; fileRef = 18867E361E1E522900F64818 /* LaunchScreen.storyboard */; };
/* End PBXBuildFile section */

/* Begin PBXFileReference section */
		18867E221E1E522900F64818 /* GithubTestProject.app */ = {isa = PBXFileReference; explicitFileType = wrapper.application; includeInIndex = 0; path = GithubTestProject.app; sourceTree = BUILT_PRODUCTS_DIR; };
		18867E261E1E522900F64818 /* main.m */ = {isa = PBXFileReference; lastKnownFileType = sourcecode.c.objc; path = main.m; sourceTree = "<group>"; };
		18867E281E1E522900F64818 /* AppDelegate.h */ = {isa = PBXFileReference; lastKnownFileType = sourcecode.c.h; path = AppDelegate.h; sourceTree = "<group>"; };
		18867E291E1E522900F64818 /* AppDelegate.m */ = {isa = PBXFileReference; lastKnownFileType = sourcecode.c.objc; path = AppDelegate.m; sourceTree = "<group>"; };
		18867E2B1E1E522900F64818 /* ViewController.h */ = {isa = PBXFileReference; lastKnownFileType = sourcecode.c.h; path = ViewController.h; sourceTree = "<group>"; };
		18867E2C1E1E522900F64818 /* ViewController.m */ = {isa = PBXFileReference; lastKnownFileType = sourcecode.c.objc; path = ViewController.m; sourceTree = "<group>"; };
		18867E2F1E1E522900F64818 /* Base */ = {isa = PBXFileReference; lastKnownFileType = file.storyboard; name = Base; path = Base.lproj/Main.storyboard; sourceTree = "<group>"; };
		18867E321E1E522900F64818 /* GithubTestProject.xcdatamodel */ = {isa = PBXFileReference; lastKnownFileType = wrapper.xcdatamodel; path = GithubTestProject.xcdatamodel; sourceTree = "<group>"; };
		18867E341E1E522900F64818 /* Assets.xcassets */ = {isa = PBXFileReference; lastKnownFileType = folder.assetcatalog; path = Assets.xcassets; sourceTree = "<group>"; };
		18867E371E1E522900F64818 /* Base */ = {isa = PBXFileReference; lastKnownFileType = file.storyboard; name = Base; path = Base.lproj/LaunchScreen.storyboard; sourceTree = "<group>"; };
		18867E391E1E522900F64818 /* Info.plist */ = {isa = PBXFileReference; lastKnownFileType = text.plist.xml; path = Info.plist; sourceTree = "<group>"; };
/* End PBXFileReference section */

/* Begin PBXFrameworksBuildPhase section */
		18867E1F1E1E522900F64818 /* Frameworks */ = {
			isa = PBXFrameworksBuildPhase;
			buildActionMask = 2147483647;
			files = (
			);
			runOnlyForDeploymentPostprocessing = 0;
		};
/* End PBXFrameworksBuildPhase section */

/* Begin PBXGroup section */
		18867E191E1E522900F64818 = {
			isa = PBXGroup;
			children = (
				18867E241E1E522900F64818 /* GithubTestProject */,
				18867E231E1E522900F64818 /* Products */,
			);
			sourceTree = "<group>";
		};
		18867E231E1E522900F64818 /* Products */ = {
			isa = PBXGroup;
			children = (
				18867E221E1E522900F64818 /* GithubTestProject.app */,
			);
			name = Products;
			sourceTree = "<group>";
		};
		18867E241E1E522900F64818 /* GithubTestProject */ = {
			isa = PBXGroup;
			children = (
				18867E281E1E522900F64818 /* AppDelegate.h */,
				18867E291E1E522900F64818 /* AppDelegate.m */,
				18867E2B1E1E522900F64818 /* ViewController.h */,
				18867E2C1E1E522900F64818 /* ViewController.m */,
				18867E2E1E1E522900F64818 /* Main.storyboard */,
				18867E341E1E522900F64818 /* Assets.xcassets */,
				18867E361E1E522900F64818 /* LaunchScreen.storyboard */,
				18867E391E1E522900F64818 /* Info.plist */,
				18867E311E1E522900F64818 /* GithubTestProject.xcdatamodeld */,
				18867E251E1E522900F64818 /* Supporting Files */,
			);
			path = GithubTestProject;
			sourceTree = "<group>";
		};
		18867E251E1E522900F64818 /* Supporting Files */ = {
			isa = PBXGroup;
			children = (
				18867E261E1E522900F64818 /* main.m */,
			);
			name = "Supporting Files";
			sourceTree = "<group>";
		};
/* End PBXGroup section */

/* Begin PBXNativeTarget section */
		18867E211E1E522900F64818 /* GithubTestProject */ = {
			isa = PBXNativeTarget;
			buildConfigurationList = 18867E3C1E1E522900F64818 /* Build configuration list for PBXNativeTarget "GithubTestProject" */;
			buildPhases = (
				18867E1E1E1E522900F64818 /* Sources */,
				18867E1F1E1E522900F64818 /* Frameworks */,
				18867E201E1E522900F64818 /* Resources */,
			);
			buildRules = (
			);
			dependencies = (
			);
			name = GithubTestProject;
			productName = GithubTestProject;
			productReference = 18867E221E1E522900F64818 /* GithubTestProject.app */;
			productType = "com.apple.product-type.application";
		};
/* End PBXNativeTarget section */

/* Begin PBXProject section */
		18867E1A1E1E522900F64818 /* Project object */ = {
			isa = PBXProject;
			attributes = {
				LastUpgradeCheck = 0730;
				ORGANIZATIONNAME = Apple;
				TargetAttributes = {
					18867E211E1E522900F64818 = {
						CreatedOnToolsVersion = 7.3;
					};
				};
			};
			buildConfigurationList = 18867E1D1E1E522900F64818 /* Build configuration list for PBXProject "GithubTestProject" */;
			compatibilityVersion = "Xcode 3.2";
			developmentRegion = English;
			hasScannedForEncodings = 0;
			knownRegions = (
				en,
				Base,
			);
			mainGroup = 18867E191E1E522900F64818;
			productRefGroup = 18867E231E1E522900F64818 /* Products */;
			projectDirPath = "";
			projectRoot = "";
			targets = (
				18867E211E1E522900F64818 /* GithubTestProject */,
			);
		};
/* End PBXProject section */

/* Begin PBXResourcesBuildPhase section */
		18867E201E1E522900F64818 /* Resources */ = {
			isa = PBXResourcesBuildPhase;
			buildActionMask = 2147483647;
			files = (
				18867E381E1E522900F64818 /* LaunchScreen.storyboard in Resources */,
				18867E351E1E522900F64818 /* Assets.xcassets in Resources */,
				18867E301E1E522900F64818 /* Main.storyboard in Resources */,
			);
			runOnlyForDeploymentPostprocessing = 0;
		};
/* End PBXResourcesBuildPhase section */

/* Begin PBXSourcesBuildPhase section */
		18867E1E1E1E522900F64818 /* Sources */ = {
			isa = PBXSourcesBuildPhase;
			buildActionMask = 2147483647;
			files = (
				18867E331E1E522900F64818 /* GithubTestProject.xcdatamodeld in Sources */,
				18867E2D1E1E522900F64818 /* ViewController.m in Sources */,
				18867E2A1E1E522900F64818 /* AppDelegate.m in Sources */,
				18867E271E1E522900F64818 /* main.m in Sources */,
			);
			runOnlyForDeploymentPostprocessing = 0;
		};
/* End PBXSourcesBuildPhase section */

/* Begin PBXVariantGroup section */
		18867E2E1E1E522900F64818 /* Main.storyboard */ = {
			isa = PBXVariantGroup;
			children = (
				18867E2F1E1E522900F64818 /* Base */,
			);
			name = Main.storyboard;
			sourceTree = "<group>";
		};
		18867E361E1E522900F64818 /* LaunchScreen.storyboard */ = {
			isa = PBXVariantGroup;
			children = (
				18867E371E1E522900F64818 /* Base */,
			);
			name = LaunchScreen.storyboard;
			sourceTree = "<group>";
		};
/* End PBXVariantGroup section */

/* Begin XCBuildConfiguration section */
		18867E3A1E1E522900F64818 /* Debug */ = {
			isa = XCBuildConfiguration;
			buildSettings = {
				ALWAYS_SEARCH_USER_PATHS = NO;
				CLANG_ANALYZER_NONNULL = YES;
				CLANG_CXX_LANGUAGE_STANDARD = "gnu++0x";
				CLANG_CXX_LIBRARY = "libc++";
				CLANG_ENABLE_MODULES = YES;
				CLANG_ENABLE_OBJC_ARC = YES;
				CLANG_WARN_BOOL_CONVERSION = YES;
				CLANG_WARN_CONSTANT_CONVERSION = YES;
				CLANG_WARN_DIRECT_OBJC_ISA_USAGE = YES_ERROR;
				CLANG_WARN_EMPTY_BODY = YES;
				CLANG_WARN_ENUM_CONVERSION = YES;
				CLANG_WARN_INT_CONVERSION = YES;
				CLANG_WARN_OBJC_ROOT_CLASS = YES_ERROR;
				CLANG_WARN_UNREACHABLE_CODE = YES;
				CLANG_WARN__DUPLICATE_METHOD_MATCH = YES;
				"CODE_SIGN_IDENTITY[sdk=iphoneos*]" = "iPhone Developer";
				COPY_PHASE_STRIP = NO;
				DEBUG_INFORMATION_FORMAT = dwarf;
				ENABLE_STRICT_OBJC_MSGSEND = YES;
				ENABLE_TESTABILITY = YES;
				GCC_C_LANGUAGE_STANDARD = gnu99;
				GCC_DYNAMIC_NO_PIC = NO;
				GCC_NO_COMMON_BLOCKS = YES;
				GCC_OPTIMIZATION_LEVEL = 0;
				GCC_PREPROCESSOR_DEFINITIONS = (
					"DEBUG=1",
					"$(inherited)",
				);
				GCC_WARN_64_TO_32_BIT_CONVERSION = YES;
				GCC_WARN_ABOUT_RETURN_TYPE = YES_ERROR;
				GCC_WARN_UNDECLARED_SELECTOR = YES;
				GCC_WARN_UNINITIALIZED_AUTOS = YES_AGGRESSIVE;
				GCC_WARN_UNUSED_FUNCTION = YES;
				GCC_WARN_UNUSED_VARIABLE = YES;
				IPHONEOS_DEPLOYMENT_TARGET = 9.3;
				MTL_ENABLE_DEBUG_INFO = YES;
				ONLY_ACTIVE_ARCH = YES;
				SDKROOT = iphoneos;
				TARGETED_DEVICE_FAMILY = "1,2";
			};
			name = Debug;
		};
		18867E3B1E1E522900F64818 /* Release */ = {
			isa = XCBuildConfiguration;
			buildSettings = {
				ALWAYS_SEARCH_USER_PATHS = NO;
				CLANG_ANALYZER_NONNULL = YES;
				CLANG_CXX_LANGUAGE_STANDARD = "gnu++0x";
				CLANG_CXX_LIBRARY = "libc++";
				CLANG_ENABLE_MODULES = YES;
				CLANG_ENABLE_OBJC_ARC = YES;
				CLANG_WARN_BOOL_CONVERSION = YES;
				CLANG_WARN_CONSTANT_CONVERSION = YES;
				CLANG_WARN_DIRECT_OBJC_ISA_USAGE = YES_ERROR;
				CLANG_WARN_EMPTY_BODY = YES;
				CLANG_WARN_ENUM_CONVERSION = YES;
				CLANG_WARN_INT_CONVERSION = YES;
				CLANG_WARN_OBJC_ROOT_CLASS = YES_ERROR;
				CLANG_WARN_UNREACHABLE_CODE = YES;
				CLANG_WARN__DUPLICATE_METHOD_MATCH = YES;
				"CODE_SIGN_IDENTITY[sdk=iphoneos*]" = "iPhone Developer";
				COPY_PHASE_STRIP = NO;
				DEBUG_INFORMATION_FORMAT = "dwarf-with-dsym";
				ENABLE_NS_ASSERTIONS = NO;
				ENABLE_STRICT_OBJC_MSGSEND = YES;
				GCC_C_LANGUAGE_STANDARD = gnu99;
				GCC_NO_COMMON_BLOCKS = YES;
				GCC_WARN_64_TO_32_BIT_CONVERSION = YES;
				GCC_WARN_ABOUT_RETURN_TYPE = YES_ERROR;
				GCC_WARN_UNDECLARED_SELECTOR = YES;
				GCC_WARN_UNINITIALIZED_AUTOS = YES_AGGRESSIVE;
				GCC_WARN_UNUSED_FUNCTION = YES;
				GCC_WARN_UNUSED_VARIABLE = YES;
				IPHONEOS_DEPLOYMENT_TARGET = 9.3;
				MTL_ENABLE_DEBUG_INFO = NO;
				SDKROOT = iphoneos;
				TARGETED_DEVICE_FAMILY = "1,2";
				VALIDATE_PRODUCT = YES;
			};
			name = Release;
		};
		18867E3D1E1E522900F64818 /* Debug */ = {
			isa = XCBuildConfiguration;
			buildSettings = {
				ASSETCATALOG_COMPILER_APPICON_NAME = AppIcon;
				INFOPLIST_FILE = GithubTestProject/Info.plist;
				LD_RUNPATH_SEARCH_PATHS = "$(inherited) @executable_path/Frameworks";
				PRODUCT_BUNDLE_IDENTIFIER = com.mycompany.app.GithubTestProject;
				PRODUCT_NAME = "$(TARGET_NAME)";
			};
			name = Debug;
		};
		18867E3E1E1E522900F64818 /* Release */ = {
			isa = XCBuildConfiguration;
			buildSettings = {
				ASSETCATALOG_COMPILER_APPICON_NAME = AppIcon;
				INFOPLIST_FILE = GithubTestProject/Info.plist;
				LD_RUNPATH_SEARCH_PATHS = "$(inherited) @executable_path/Frameworks";
				PRODUCT_BUNDLE_IDENTIFIER = com.mycompany.app.GithubTestProject;
				PRODUCT_NAME = "$(TARGET_NAME)";
			};
			name = Release;
		};
/* End XCBuildConfiguration section */

/* Begin XCConfigurationList section */
		18867E1D1E1E522900F64818 /* Build configuration list for PBXProject "GithubTestProject" */ = {
			isa = XCConfigurationList;
			buildConfigurations = (
				18867E3A1E1E522900F64818 /* Debug */,
				18867E3B1E1E522900F64818 /* Release */,
			);
			defaultConfigurationIsVisible = 0;
			defaultConfigurationName = Release;
		};
		18867E3C1E1E522900F64818 /* Build configuration list for PBXNativeTarget "GithubTestProject" */ = {
			isa = XCConfigurationList;
			buildConfigurations = (
				18867E3D1E1E522900F64818 /* Debug */,
				18867E3E1E1E522900F64818 /* Release */,
			);
			defaultConfigurationIsVisible = 0;
		};
/* End XCConfigurationList section */

/* Begin XCVersionGroup section */
		18867E311E1E522900F64818 /* GithubTestProject.xcdatamodeld */ = {
			isa = XCVersionGroup;
			children = (
				18867E321E1E522900F64818 /* GithubTestProject.xcdatamodel */,
			);
			currentVersion = 18867E321E1E522900F64818 /* GithubTestProject.xcdatamodel */;
			path = GithubTestProject.xcdatamodeld;
			sourceTree = "<group>";
			versionGroupType = wrapper.xcdatamodel;
		};
/* End XCVersionGroup section */
	};
	rootObject = 18867E1A1E1E522900F64818 /* Project object */;
}
